<?xml version="1.0" encoding="utf-8"?>
<Project ToolsVersion="4.0" xmlns="http://schemas.microsoft.com/developer/msbuild/2003">
  <ItemGroup>
    <Filter Include="Source Files">
      <UniqueIdentifier>{4FC737F1-C7A5-4376-A066-2A32D752A2FF}</UniqueIdentifier>
      <Extensions>cpp;c;cc;cxx;def;odl;idl;hpj;bat;asm;asmx</Extensions>
    </Filter>
    <Filter Include="Header Files">
      <UniqueIdentifier>{93995380-89BD-4b04-88EB-625FBE52EBFB}</UniqueIdentifier>
      <Extensions>h;hh;hpp;hxx;hm;inl;inc;xsd</Extensions>
    </Filter>
    <Filter Include="Resource Files">
      <UniqueIdentifier>{67DA6AB6-F800-4c08-8B7A-83BB121AAD01}</UniqueIdentifier>
      <Extensions>rc;ico;cur;bmp;dlg;rc2;rct;bin;rgs;gif;jpg;jpeg;jpe;resx;tiff;tif;png;wav;mfcribbon-ms</Extensions>
    </Filter>
    <Filter Include="Helpers">
      <UniqueIdentifier>{9e8fae6c-90af-45b1-960f-2ed0e525a78e}</UniqueIdentifier>
    </Filter>
    <Filter Include="Helpers\FaceCapturer">
      <UniqueIdentifier>{ee6db82b-ebd7-46dc-9ab9-1f0e05e5da70}</UniqueIdentifier>
    </Filter>
    <Filter Include="Processors">
      <UniqueIdentifier>{76849031-026c-4a3b-9307-73e4ba846814}</UniqueIdentifier>
    </Filter>
    <Filter Include="Processors\Capturer">
      <UniqueIdentifier>{644bc43e-5f12-4239-9391-8ecf9b097531}</UniqueIdentifier>
    </Filter>
    <Filter Include="Processors\Detector">
      <UniqueIdentifier>{f84b7591-6e37-4427-9ed9-9f9af6fc636c}</UniqueIdentifier>
    </Filter>
    <Filter Include="Processors\Recognizer">
      <UniqueIdentifier>{f2cd183f-7728-4fc9-a6df-410fb9c37402}</UniqueIdentifier>
    </Filter>
    <Filter Include="Security">
      <UniqueIdentifier>{c816b2db-3326-4e30-80a2-349d6e68de86}</UniqueIdentifier>
    </Filter>
  </ItemGroup>
  <ItemGroup>
    <ClInclude Include="stdafx.h">
      <Filter>Header Files</Filter>
    </ClInclude>
    <ClInclude Include="targetver.h">
      <Filter>Header Files</Filter>
    </ClInclude>
    <ClInclude Include="Engine.h">
      <Filter>Header Files</Filter>
    </ClInclude>
    <ClInclude Include="Helpers\FaceCapturer\FaceCapturer.h">
      <Filter>Helpers\FaceCapturer</Filter>
    </ClInclude>
    <ClInclude Include="Processors\Capturer.h">
      <Filter>Processors\Capturer</Filter>
    </ClInclude>
    <ClInclude Include="Processors\Detector.h">
      <Filter>Processors\Detector</Filter>
    </ClInclude>
    <ClInclude Include="Processors\Recognizer.h">
      <Filter>Processors\Recognizer</Filter>
    </ClInclude>
    <ClInclude Include="Helpers\ExitCodes.h">
      <Filter>Helpers</Filter>
    </ClInclude>
    <ClInclude Include="Helpers\Globals.h">
      <Filter>Helpers</Filter>
    </ClInclude>
    <ClInclude Include="Security\IBaseLocker.h">
      <Filter>Security</Filter>
    </ClInclude>
    <ClInclude Include="Security\SecurityProvider.h">
      <Filter>Security</Filter>
    </ClInclude>
    <ClInclude Include="Security\WinLocker.h">
      <Filter>Security</Filter>
    </ClInclude>
    <ClInclude Include="Helpers\ConLogger.h">
      <Filter>Helpers</Filter>
    </ClInclude>
    <ClInclude Include="Helpers\ILogger.h">
      <Filter>Helpers</Filter>
    </ClInclude>
    <ClInclude Include="Security\ISecurable.h">
      <Filter>Security</Filter>
    </ClInclude>
  </ItemGroup>
  <ItemGroup>
    <ClCompile Include="stdafx.cpp">
      <Filter>Source Files</Filter>
    </ClCompile>
    <ClCompile Include="AutoLocker.cpp">
      <Filter>Source Files</Filter>
    </ClCompile>
    <ClCompile Include="Engine.cpp">
      <Filter>Source Files</Filter>
    </ClCompile>
    <ClCompile Include="Helpers\FaceCapturer\FaceCapturer.cpp">
      <Filter>Helpers\FaceCapturer</Filter>
    </ClCompile>
    <ClCompile Include="Processors\Capturer.cpp">
      <Filter>Processors\Capturer</Filter>
    </ClCompile>
    <ClCompile Include="Processors\Detector.cpp">
      <Filter>Processors\Detector</Filter>
    </ClCompile>
    <ClCompile Include="Processors\Recognizer.cpp">
      <Filter>Processors\Recognizer</Filter>
    </ClCompile>
    <ClCompile Include="Security\SecurityProvider.cpp">
      <Filter>Security</Filter>
    </ClCompile>
    <ClCompile Include="Security\WinLocker.cpp">
      <Filter>Security</Filter>
    </ClCompile>
    <ClCompile Include="Helpers\ConLogger.cpp">
      <Filter>Helpers</Filter>
    </ClCompile>
  </ItemGroup>
</Project>